// !$*UTF8*$!
{
	archiveVersion = 1;
	classes = {
	};
	objectVersion = 56;
	objects = {

/* Begin PBXBuildFile section */
		A12727DA2CA3303D0060164C /* CameraView.swift in Sources */ = {isa = PBXBuildFile; fileRef = A12727D92CA330390060164C /* CameraView.swift */; };
		A12727DC2CA331110060164C /* CameraPreview.swift in Sources */ = {isa = PBXBuildFile; fileRef = A12727DB2CA3310D0060164C /* CameraPreview.swift */; };
		A12B83902CC0511A0045BA44 /* UIViewController.swift in Sources */ = {isa = PBXBuildFile; fileRef = A12B838F2CC051150045BA44 /* UIViewController.swift */; };
		A12B83922CC052510045BA44 /* FullScreenCameraView 2.swift in Sources */ = {isa = PBXBuildFile; fileRef = A12B83912CC0524A0045BA44 /* FullScreenCameraView 2.swift */; };
		A173E8812C90BB97005BB0F9 /* StartScreen.swift in Sources */ = {isa = PBXBuildFile; fileRef = A173E8802C90BB97005BB0F9 /* StartScreen.swift */; };
		A1BA5EA22CC973D800C9CED3 /* EquatableLocation.swift in Sources */ = {isa = PBXBuildFile; fileRef = A1BA5EA12CC973D100C9CED3 /* EquatableLocation.swift */; };
		A1BA5EA52CC977EA00C9CED3 /* DeviceManager.swift in Sources */ = {isa = PBXBuildFile; fileRef = A1BA5EA42CC977E700C9CED3 /* DeviceManager.swift */; };
		A1C5604F2C92088100E2A9DD /* FavoriteRoute.swift in Sources */ = {isa = PBXBuildFile; fileRef = A1C5604E2C92088100E2A9DD /* FavoriteRoute.swift */; };
		A1C560532C920A0C00E2A9DD /* CameraViewModel.swift in Sources */ = {isa = PBXBuildFile; fileRef = A1C560522C920A0C00E2A9DD /* CameraViewModel.swift */; };
		A1C560552C920A8500E2A9DD /* ViewController.swift in Sources */ = {isa = PBXBuildFile; fileRef = A1C560542C920A8500E2A9DD /* ViewController.swift */; };
		A1C560592C920ACA00E2A9DD /* SceneDelegate.swift in Sources */ = {isa = PBXBuildFile; fileRef = A1C560582C920ACA00E2A9DD /* SceneDelegate.swift */; };
		A1C5605B2C920AED00E2A9DD /* AppDelegate.swift in Sources */ = {isa = PBXBuildFile; fileRef = A1C5605A2C920AED00E2A9DD /* AppDelegate.swift */; };
		A1C891532C73D3E100308657 /* WIPERApp.swift in Sources */ = {isa = PBXBuildFile; fileRef = A1C891522C73D3E100308657 /* WIPERApp.swift */; };
		A1C891552C73D3E100308657 /* ContentView.swift in Sources */ = {isa = PBXBuildFile; fileRef = A1C891542C73D3E100308657 /* ContentView.swift */; };
		A1C891572C73D3E200308657 /* Assets.xcassets in Resources */ = {isa = PBXBuildFile; fileRef = A1C891562C73D3E200308657 /* Assets.xcassets */; };
		A1C8915A2C73D3E200308657 /* Preview Assets.xcassets in Resources */ = {isa = PBXBuildFile; fileRef = A1C891592C73D3E200308657 /* Preview Assets.xcassets */; };
		A1C891642C73D3E200308657 /* WIPERTests.swift in Sources */ = {isa = PBXBuildFile; fileRef = A1C891632C73D3E200308657 /* WIPERTests.swift */; };
		A1C8916E2C73D3E200308657 /* WIPERUITests.swift in Sources */ = {isa = PBXBuildFile; fileRef = A1C8916D2C73D3E200308657 /* WIPERUITests.swift */; };
		A1C891702C73D3E200308657 /* WIPERUITestsLaunchTests.swift in Sources */ = {isa = PBXBuildFile; fileRef = A1C8916F2C73D3E200308657 /* WIPERUITestsLaunchTests.swift */; };
		A1E51B192CDC9808002BBBDA /* demo.mlmodel in Sources */ = {isa = PBXBuildFile; fileRef = A1E51B182CDC9808002BBBDA /* demo.mlmodel */; };
		A1F0A45C2CA0FA6800F7FEE8 /* TermsAndConditions.swift in Sources */ = {isa = PBXBuildFile; fileRef = A1F0A45B2CA0FA6000F7FEE8 /* TermsAndConditions.swift */; };
		A1F0A45E2CA0FD6900F7FEE8 /* SplashScreen.swift in Sources */ = {isa = PBXBuildFile; fileRef = A1F0A45D2CA0FD6400F7FEE8 /* SplashScreen.swift */; };
		A1F0A4622CA100C800F7FEE8 /* Carrousel.swift in Sources */ = {isa = PBXBuildFile; fileRef = A1F0A4612CA100C200F7FEE8 /* Carrousel.swift */; };
		A1F0A4642CA1011700F7FEE8 /* LocationManager.swift in Sources */ = {isa = PBXBuildFile; fileRef = A1F0A4632CA1011400F7FEE8 /* LocationManager.swift */; };
		A1F0A4662CA106DA00F7FEE8 /* CameraManager.swift in Sources */ = {isa = PBXBuildFile; fileRef = A1F0A4652CA106D100F7FEE8 /* CameraManager.swift */; };
/* End PBXBuildFile section */

/* Begin PBXContainerItemProxy section */
		A1C891602C73D3E200308657 /* PBXContainerItemProxy */ = {
			isa = PBXContainerItemProxy;
			containerPortal = A1C891472C73D3E100308657 /* Project object */;
			proxyType = 1;
			remoteGlobalIDString = A1C8914E2C73D3E100308657;
			remoteInfo = WIPER;
		};
		A1C8916A2C73D3E200308657 /* PBXContainerItemProxy */ = {
			isa = PBXContainerItemProxy;
			containerPortal = A1C891472C73D3E100308657 /* Project object */;
			proxyType = 1;
			remoteGlobalIDString = A1C8914E2C73D3E100308657;
			remoteInfo = WIPER;
		};
/* End PBXContainerItemProxy section */

/* Begin PBXFileReference section */
		A12727D52CA1D4AE0060164C /* Info.plist */ = {isa = PBXFileReference; lastKnownFileType = text.plist; path = Info.plist; sourceTree = "<group>"; };
		A12727D92CA330390060164C /* CameraView.swift */ = {isa = PBXFileReference; lastKnownFileType = sourcecode.swift; path = CameraView.swift; sourceTree = "<group>"; };
		A12727DB2CA3310D0060164C /* CameraPreview.swift */ = {isa = PBXFileReference; lastKnownFileType = sourcecode.swift; path = CameraPreview.swift; sourceTree = "<group>"; };
		A12B838F2CC051150045BA44 /* UIViewController.swift */ = {isa = PBXFileReference; lastKnownFileType = sourcecode.swift; path = UIViewController.swift; sourceTree = "<group>"; };
		A12B83912CC0524A0045BA44 /* FullScreenCameraView 2.swift */ = {isa = PBXFileReference; lastKnownFileType = sourcecode.swift; path = "FullScreenCameraView 2.swift"; sourceTree = "<group>"; };
		A173E8802C90BB97005BB0F9 /* StartScreen.swift */ = {isa = PBXFileReference; lastKnownFileType = sourcecode.swift; path = StartScreen.swift; sourceTree = "<group>"; };
		A1BA5EA12CC973D100C9CED3 /* EquatableLocation.swift */ = {isa = PBXFileReference; lastKnownFileType = sourcecode.swift; path = EquatableLocation.swift; sourceTree = "<group>"; };
		A1BA5EA42CC977E700C9CED3 /* DeviceManager.swift */ = {isa = PBXFileReference; lastKnownFileType = sourcecode.swift; path = DeviceManager.swift; sourceTree = "<group>"; };
		A1C5604E2C92088100E2A9DD /* FavoriteRoute.swift */ = {isa = PBXFileReference; lastKnownFileType = sourcecode.swift; path = FavoriteRoute.swift; sourceTree = "<group>"; };
		A1C560522C920A0C00E2A9DD /* CameraViewModel.swift */ = {isa = PBXFileReference; lastKnownFileType = sourcecode.swift; path = CameraViewModel.swift; sourceTree = "<group>"; };
		A1C560542C920A8500E2A9DD /* ViewController.swift */ = {isa = PBXFileReference; lastKnownFileType = sourcecode.swift; path = ViewController.swift; sourceTree = "<group>"; };
		A1C560582C920ACA00E2A9DD /* SceneDelegate.swift */ = {isa = PBXFileReference; lastKnownFileType = sourcecode.swift; path = SceneDelegate.swift; sourceTree = "<group>"; };
		A1C5605A2C920AED00E2A9DD /* AppDelegate.swift */ = {isa = PBXFileReference; lastKnownFileType = sourcecode.swift; path = AppDelegate.swift; sourceTree = "<group>"; };
		A1C8914F2C73D3E100308657 /* WIPER.app */ = {isa = PBXFileReference; explicitFileType = wrapper.application; includeInIndex = 0; path = WIPER.app; sourceTree = BUILT_PRODUCTS_DIR; };
		A1C891522C73D3E100308657 /* WIPERApp.swift */ = {isa = PBXFileReference; lastKnownFileType = sourcecode.swift; path = WIPERApp.swift; sourceTree = "<group>"; };
		A1C891542C73D3E100308657 /* ContentView.swift */ = {isa = PBXFileReference; lastKnownFileType = sourcecode.swift; path = ContentView.swift; sourceTree = "<group>"; };
		A1C891562C73D3E200308657 /* Assets.xcassets */ = {isa = PBXFileReference; lastKnownFileType = folder.assetcatalog; path = Assets.xcassets; sourceTree = "<group>"; };
		A1C891592C73D3E200308657 /* Preview Assets.xcassets */ = {isa = PBXFileReference; lastKnownFileType = folder.assetcatalog; path = "Preview Assets.xcassets"; sourceTree = "<group>"; };
		A1C8915F2C73D3E200308657 /* WIPERTests.xctest */ = {isa = PBXFileReference; explicitFileType = wrapper.cfbundle; includeInIndex = 0; path = WIPERTests.xctest; sourceTree = BUILT_PRODUCTS_DIR; };
		A1C891632C73D3E200308657 /* WIPERTests.swift */ = {isa = PBXFileReference; lastKnownFileType = sourcecode.swift; path = WIPERTests.swift; sourceTree = "<group>"; };
		A1C891692C73D3E200308657 /* WIPERUITests.xctest */ = {isa = PBXFileReference; explicitFileType = wrapper.cfbundle; includeInIndex = 0; path = WIPERUITests.xctest; sourceTree = BUILT_PRODUCTS_DIR; };
		A1C8916D2C73D3E200308657 /* WIPERUITests.swift */ = {isa = PBXFileReference; lastKnownFileType = sourcecode.swift; path = WIPERUITests.swift; sourceTree = "<group>"; };
		A1C8916F2C73D3E200308657 /* WIPERUITestsLaunchTests.swift */ = {isa = PBXFileReference; lastKnownFileType = sourcecode.swift; path = WIPERUITestsLaunchTests.swift; sourceTree = "<group>"; };
		A1E51B182CDC9808002BBBDA /* demo.mlmodel */ = {isa = PBXFileReference; lastKnownFileType = file.mlmodel; path = demo.mlmodel; sourceTree = "<group>"; };
		A1F0A45B2CA0FA6000F7FEE8 /* TermsAndConditions.swift */ = {isa = PBXFileReference; lastKnownFileType = sourcecode.swift; path = TermsAndConditions.swift; sourceTree = "<group>"; };
		A1F0A45D2CA0FD6400F7FEE8 /* SplashScreen.swift */ = {isa = PBXFileReference; lastKnownFileType = sourcecode.swift; path = SplashScreen.swift; sourceTree = "<group>"; };
		A1F0A4612CA100C200F7FEE8 /* Carrousel.swift */ = {isa = PBXFileReference; lastKnownFileType = sourcecode.swift; path = Carrousel.swift; sourceTree = "<group>"; };
		A1F0A4632CA1011400F7FEE8 /* LocationManager.swift */ = {isa = PBXFileReference; lastKnownFileType = sourcecode.swift; path = LocationManager.swift; sourceTree = "<group>"; };
		A1F0A4652CA106D100F7FEE8 /* CameraManager.swift */ = {isa = PBXFileReference; lastKnownFileType = sourcecode.swift; path = CameraManager.swift; sourceTree = "<group>"; };
/* End PBXFileReference section */

/* Begin PBXFrameworksBuildPhase section */
		A1C8914C2C73D3E100308657 /* Frameworks */ = {
			isa = PBXFrameworksBuildPhase;
			buildActionMask = 2147483647;
			files = (
			);
			runOnlyForDeploymentPostprocessing = 0;
		};
		A1C8915C2C73D3E200308657 /* Frameworks */ = {
			isa = PBXFrameworksBuildPhase;
			buildActionMask = 2147483647;
			files = (
			);
			runOnlyForDeploymentPostprocessing = 0;
		};
		A1C891662C73D3E200308657 /* Frameworks */ = {
			isa = PBXFrameworksBuildPhase;
			buildActionMask = 2147483647;
			files = (
			);
			runOnlyForDeploymentPostprocessing = 0;
		};
/* End PBXFrameworksBuildPhase section */

/* Begin PBXGroup section */
		A12727D62CA3261A0060164C /* Camera */ = {
			isa = PBXGroup;
			children = (
				A1E51B182CDC9808002BBBDA /* demo.mlmodel */,
				A12B83912CC0524A0045BA44 /* FullScreenCameraView 2.swift */,
				A12B838F2CC051150045BA44 /* UIViewController.swift */,
				A12727DB2CA3310D0060164C /* CameraPreview.swift */,
				A12727D92CA330390060164C /* CameraView.swift */,
				A1F0A4652CA106D100F7FEE8 /* CameraManager.swift */,
				A1C560522C920A0C00E2A9DD /* CameraViewModel.swift */,
			);
			path = Camera;
			sourceTree = "<group>";
		};
		A1C891462C73D3E100308657 = {
			isa = PBXGroup;
			children = (
				A1C891512C73D3E100308657 /* WIPER */,
				A1C891622C73D3E200308657 /* WIPERTests */,
				A1C8916C2C73D3E200308657 /* WIPERUITests */,
				A1C891502C73D3E100308657 /* Products */,
			);
			sourceTree = "<group>";
		};
		A1C891502C73D3E100308657 /* Products */ = {
			isa = PBXGroup;
			children = (
				A1C8914F2C73D3E100308657 /* WIPER.app */,
				A1C8915F2C73D3E200308657 /* WIPERTests.xctest */,
				A1C891692C73D3E200308657 /* WIPERUITests.xctest */,
			);
			name = Products;
			sourceTree = "<group>";
		};
		A1C891512C73D3E100308657 /* WIPER */ = {
			isa = PBXGroup;
			children = (
				A1BA5EA42CC977E700C9CED3 /* DeviceManager.swift */,
				A12727D62CA3261A0060164C /* Camera */,
				A12727D52CA1D4AE0060164C /* Info.plist */,
				A1F0A45F2CA0FF7C00F7FEE8 /* OnboardingViews */,
				A1F0A4602CA0FF9500F7FEE8 /* MapViews */,
				A1C891562C73D3E200308657 /* Assets.xcassets */,
				A1C891522C73D3E100308657 /* WIPERApp.swift */,
				A1C891542C73D3E100308657 /* ContentView.swift */,
				A1C5605A2C920AED00E2A9DD /* AppDelegate.swift */,
				A1C891582C73D3E200308657 /* Preview Content */,
			);
			path = WIPER;
			sourceTree = "<group>";
		};
		A1C891582C73D3E200308657 /* Preview Content */ = {
			isa = PBXGroup;
			children = (
				A1C891592C73D3E200308657 /* Preview Assets.xcassets */,
			);
			path = "Preview Content";
			sourceTree = "<group>";
		};
		A1C891622C73D3E200308657 /* WIPERTests */ = {
			isa = PBXGroup;
			children = (
				A1C891632C73D3E200308657 /* WIPERTests.swift */,
			);
			path = WIPERTests;
			sourceTree = "<group>";
		};
		A1C8916C2C73D3E200308657 /* WIPERUITests */ = {
			isa = PBXGroup;
			children = (
				A1C8916D2C73D3E200308657 /* WIPERUITests.swift */,
				A1C8916F2C73D3E200308657 /* WIPERUITestsLaunchTests.swift */,
			);
			path = WIPERUITests;
			sourceTree = "<group>";
		};
		A1F0A45F2CA0FF7C00F7FEE8 /* OnboardingViews */ = {
			isa = PBXGroup;
			children = (
				A1F0A4612CA100C200F7FEE8 /* Carrousel.swift */,
				A1F0A45B2CA0FA6000F7FEE8 /* TermsAndConditions.swift */,
				A173E8802C90BB97005BB0F9 /* StartScreen.swift */,
				A1F0A45D2CA0FD6400F7FEE8 /* SplashScreen.swift */,
			);
			path = OnboardingViews;
			sourceTree = "<group>";
		};
		A1F0A4602CA0FF9500F7FEE8 /* MapViews */ = {
			isa = PBXGroup;
			children = (
				A1BA5EA12CC973D100C9CED3 /* EquatableLocation.swift */,
				A1F0A4632CA1011400F7FEE8 /* LocationManager.swift */,
				A1C5604E2C92088100E2A9DD /* FavoriteRoute.swift */,
				A1C560542C920A8500E2A9DD /* ViewController.swift */,
				A1C560582C920ACA00E2A9DD /* SceneDelegate.swift */,
			);
			path = MapViews;
			sourceTree = "<group>";
		};
/* End PBXGroup section */

/* Begin PBXNativeTarget section */
		A1C8914E2C73D3E100308657 /* WIPER */ = {
			isa = PBXNativeTarget;
			buildConfigurationList = A1C891732C73D3E200308657 /* Build configuration list for PBXNativeTarget "WIPER" */;
			buildPhases = (
				A1C8914B2C73D3E100308657 /* Sources */,
				A1C8914C2C73D3E100308657 /* Frameworks */,
				A1C8914D2C73D3E100308657 /* Resources */,
			);
			buildRules = (
			);
			dependencies = (
			);
			name = WIPER;
			productName = WIPER;
			productReference = A1C8914F2C73D3E100308657 /* WIPER.app */;
			productType = "com.apple.product-type.application";
		};
		A1C8915E2C73D3E200308657 /* WIPERTests */ = {
			isa = PBXNativeTarget;
			buildConfigurationList = A1C891762C73D3E200308657 /* Build configuration list for PBXNativeTarget "WIPERTests" */;
			buildPhases = (
				A1C8915B2C73D3E200308657 /* Sources */,
				A1C8915C2C73D3E200308657 /* Frameworks */,
				A1C8915D2C73D3E200308657 /* Resources */,
			);
			buildRules = (
			);
			dependencies = (
				A1C891612C73D3E200308657 /* PBXTargetDependency */,
			);
			name = WIPERTests;
			productName = WIPERTests;
			productReference = A1C8915F2C73D3E200308657 /* WIPERTests.xctest */;
			productType = "com.apple.product-type.bundle.unit-test";
		};
		A1C891682C73D3E200308657 /* WIPERUITests */ = {
			isa = PBXNativeTarget;
			buildConfigurationList = A1C891792C73D3E200308657 /* Build configuration list for PBXNativeTarget "WIPERUITests" */;
			buildPhases = (
				A1C891652C73D3E200308657 /* Sources */,
				A1C891662C73D3E200308657 /* Frameworks */,
				A1C891672C73D3E200308657 /* Resources */,
			);
			buildRules = (
			);
			dependencies = (
				A1C8916B2C73D3E200308657 /* PBXTargetDependency */,
			);
			name = WIPERUITests;
			productName = WIPERUITests;
			productReference = A1C891692C73D3E200308657 /* WIPERUITests.xctest */;
			productType = "com.apple.product-type.bundle.ui-testing";
		};
/* End PBXNativeTarget section */

/* Begin PBXProject section */
		A1C891472C73D3E100308657 /* Project object */ = {
			isa = PBXProject;
			attributes = {
				BuildIndependentTargetsInParallel = 1;
				LastSwiftUpdateCheck = 1520;
				LastUpgradeCheck = 1520;
				TargetAttributes = {
					A1C8914E2C73D3E100308657 = {
						CreatedOnToolsVersion = 15.2;
					};
					A1C8915E2C73D3E200308657 = {
						CreatedOnToolsVersion = 15.2;
						TestTargetID = A1C8914E2C73D3E100308657;
					};
					A1C891682C73D3E200308657 = {
						CreatedOnToolsVersion = 15.2;
						TestTargetID = A1C8914E2C73D3E100308657;
					};
				};
			};
			buildConfigurationList = A1C8914A2C73D3E100308657 /* Build configuration list for PBXProject "WIPER" */;
			compatibilityVersion = "Xcode 14.0";
			developmentRegion = en;
			hasScannedForEncodings = 0;
			knownRegions = (
				en,
				Base,
			);
			mainGroup = A1C891462C73D3E100308657;
			productRefGroup = A1C891502C73D3E100308657 /* Products */;
			projectDirPath = "";
			projectRoot = "";
			targets = (
				A1C8914E2C73D3E100308657 /* WIPER */,
				A1C8915E2C73D3E200308657 /* WIPERTests */,
				A1C891682C73D3E200308657 /* WIPERUITests */,
			);
		};
/* End PBXProject section */

/* Begin PBXResourcesBuildPhase section */
		A1C8914D2C73D3E100308657 /* Resources */ = {
			isa = PBXResourcesBuildPhase;
			buildActionMask = 2147483647;
			files = (
				A1C8915A2C73D3E200308657 /* Preview Assets.xcassets in Resources */,
				A1C891572C73D3E200308657 /* Assets.xcassets in Resources */,
			);
			runOnlyForDeploymentPostprocessing = 0;
		};
		A1C8915D2C73D3E200308657 /* Resources */ = {
			isa = PBXResourcesBuildPhase;
			buildActionMask = 2147483647;
			files = (
			);
			runOnlyForDeploymentPostprocessing = 0;
		};
		A1C891672C73D3E200308657 /* Resources */ = {
			isa = PBXResourcesBuildPhase;
			buildActionMask = 2147483647;
			files = (
			);
			runOnlyForDeploymentPostprocessing = 0;
		};
/* End PBXResourcesBuildPhase section */

/* Begin PBXSourcesBuildPhase section */
		A1C8914B2C73D3E100308657 /* Sources */ = {
			isa = PBXSourcesBuildPhase;
			buildActionMask = 2147483647;
			files = (
				A1BA5EA22CC973D800C9CED3 /* EquatableLocation.swift in Sources */,
				A1F0A4622CA100C800F7FEE8 /* Carrousel.swift in Sources */,
				A1F0A4662CA106DA00F7FEE8 /* CameraManager.swift in Sources */,
				A12B83922CC052510045BA44 /* FullScreenCameraView 2.swift in Sources */,
				A12B83902CC0511A0045BA44 /* UIViewController.swift in Sources */,
				A1C5605B2C920AED00E2A9DD /* AppDelegate.swift in Sources */,
				A1C560552C920A8500E2A9DD /* ViewController.swift in Sources */,
				A1E51B192CDC9808002BBBDA /* demo.mlmodel in Sources */,
				A1C560592C920ACA00E2A9DD /* SceneDelegate.swift in Sources */,
				A1C891552C73D3E100308657 /* ContentView.swift in Sources */,
				A1C891532C73D3E100308657 /* WIPERApp.swift in Sources */,
				A173E8812C90BB97005BB0F9 /* StartScreen.swift in Sources */,
				A1F0A45C2CA0FA6800F7FEE8 /* TermsAndConditions.swift in Sources */,
				A12727DC2CA331110060164C /* CameraPreview.swift in Sources */,
				A1BA5EA52CC977EA00C9CED3 /* DeviceManager.swift in Sources */,
				A1F0A4642CA1011700F7FEE8 /* LocationManager.swift in Sources */,
				A1C560532C920A0C00E2A9DD /* CameraViewModel.swift in Sources */,
				A1C5604F2C92088100E2A9DD /* FavoriteRoute.swift in Sources */,
				A1F0A45E2CA0FD6900F7FEE8 /* SplashScreen.swift in Sources */,
				A12727DA2CA3303D0060164C /* CameraView.swift in Sources */,
			);
			runOnlyForDeploymentPostprocessing = 0;
		};
		A1C8915B2C73D3E200308657 /* Sources */ = {
			isa = PBXSourcesBuildPhase;
			buildActionMask = 2147483647;
			files = (
				A1C891642C73D3E200308657 /* WIPERTests.swift in Sources */,
			);
			runOnlyForDeploymentPostprocessing = 0;
		};
		A1C891652C73D3E200308657 /* Sources */ = {
			isa = PBXSourcesBuildPhase;
			buildActionMask = 2147483647;
			files = (
				A1C891702C73D3E200308657 /* WIPERUITestsLaunchTests.swift in Sources */,
				A1C8916E2C73D3E200308657 /* WIPERUITests.swift in Sources */,
			);
			runOnlyForDeploymentPostprocessing = 0;
		};
/* End PBXSourcesBuildPhase section */

/* Begin PBXTargetDependency section */
		A1C891612C73D3E200308657 /* PBXTargetDependency */ = {
			isa = PBXTargetDependency;
			target = A1C8914E2C73D3E100308657 /* WIPER */;
			targetProxy = A1C891602C73D3E200308657 /* PBXContainerItemProxy */;
		};
		A1C8916B2C73D3E200308657 /* PBXTargetDependency */ = {
			isa = PBXTargetDependency;
			target = A1C8914E2C73D3E100308657 /* WIPER */;
			targetProxy = A1C8916A2C73D3E200308657 /* PBXContainerItemProxy */;
		};
/* End PBXTargetDependency section */

/* Begin XCBuildConfiguration section */
		A1C891712C73D3E200308657 /* Debug */ = {
			isa = XCBuildConfiguration;
			buildSettings = {
				ALWAYS_SEARCH_USER_PATHS = NO;
				ASSETCATALOG_COMPILER_GENERATE_SWIFT_ASSET_SYMBOL_EXTENSIONS = YES;
				CLANG_ANALYZER_NONNULL = YES;
				CLANG_ANALYZER_NUMBER_OBJECT_CONVERSION = YES_AGGRESSIVE;
				CLANG_CXX_LANGUAGE_STANDARD = "gnu++20";
				CLANG_ENABLE_MODULES = YES;
				CLANG_ENABLE_OBJC_ARC = YES;
				CLANG_ENABLE_OBJC_WEAK = YES;
				CLANG_WARN_BLOCK_CAPTURE_AUTORELEASING = YES;
				CLANG_WARN_BOOL_CONVERSION = YES;
				CLANG_WARN_COMMA = YES;
				CLANG_WARN_CONSTANT_CONVERSION = YES;
				CLANG_WARN_DEPRECATED_OBJC_IMPLEMENTATIONS = YES;
				CLANG_WARN_DIRECT_OBJC_ISA_USAGE = YES_ERROR;
				CLANG_WARN_DOCUMENTATION_COMMENTS = YES;
				CLANG_WARN_EMPTY_BODY = YES;
				CLANG_WARN_ENUM_CONVERSION = YES;
				CLANG_WARN_INFINITE_RECURSION = YES;
				CLANG_WARN_INT_CONVERSION = YES;
				CLANG_WARN_NON_LITERAL_NULL_CONVERSION = YES;
				CLANG_WARN_OBJC_IMPLICIT_RETAIN_SELF = YES;
				CLANG_WARN_OBJC_LITERAL_CONVERSION = YES;
				CLANG_WARN_OBJC_ROOT_CLASS = YES_ERROR;
				CLANG_WARN_QUOTED_INCLUDE_IN_FRAMEWORK_HEADER = YES;
				CLANG_WARN_RANGE_LOOP_ANALYSIS = YES;
				CLANG_WARN_STRICT_PROTOTYPES = YES;
				CLANG_WARN_SUSPICIOUS_MOVE = YES;
				CLANG_WARN_UNGUARDED_AVAILABILITY = YES_AGGRESSIVE;
				CLANG_WARN_UNREACHABLE_CODE = YES;
				CLANG_WARN__DUPLICATE_METHOD_MATCH = YES;
				COPY_PHASE_STRIP = NO;
				DEBUG_INFORMATION_FORMAT = dwarf;
				ENABLE_STRICT_OBJC_MSGSEND = YES;
				ENABLE_TESTABILITY = YES;
				ENABLE_USER_SCRIPT_SANDBOXING = YES;
				GCC_C_LANGUAGE_STANDARD = gnu17;
				GCC_DYNAMIC_NO_PIC = NO;
				GCC_NO_COMMON_BLOCKS = YES;
				GCC_OPTIMIZATION_LEVEL = 0;
				GCC_PREPROCESSOR_DEFINITIONS = (
					"DEBUG=1",
					"$(inherited)",
				);
				GCC_WARN_64_TO_32_BIT_CONVERSION = YES;
				GCC_WARN_ABOUT_RETURN_TYPE = YES_ERROR;
				GCC_WARN_UNDECLARED_SELECTOR = YES;
				GCC_WARN_UNINITIALIZED_AUTOS = YES_AGGRESSIVE;
				GCC_WARN_UNUSED_FUNCTION = YES;
				GCC_WARN_UNUSED_VARIABLE = YES;
				IPHONEOS_DEPLOYMENT_TARGET = 17.2;
				LOCALIZATION_PREFERS_STRING_CATALOGS = YES;
				MTL_ENABLE_DEBUG_INFO = INCLUDE_SOURCE;
				MTL_FAST_MATH = YES;
				ONLY_ACTIVE_ARCH = YES;
				SDKROOT = iphoneos;
				SWIFT_ACTIVE_COMPILATION_CONDITIONS = "DEBUG $(inherited)";
				SWIFT_OPTIMIZATION_LEVEL = "-Onone";
			};
			name = Debug;
		};
		A1C891722C73D3E200308657 /* Release */ = {
			isa = XCBuildConfiguration;
			buildSettings = {
				ALWAYS_SEARCH_USER_PATHS = NO;
				ASSETCATALOG_COMPILER_GENERATE_SWIFT_ASSET_SYMBOL_EXTENSIONS = YES;
				CLANG_ANALYZER_NONNULL = YES;
				CLANG_ANALYZER_NUMBER_OBJECT_CONVERSION = YES_AGGRESSIVE;
				CLANG_CXX_LANGUAGE_STANDARD = "gnu++20";
				CLANG_ENABLE_MODULES = YES;
				CLANG_ENABLE_OBJC_ARC = YES;
				CLANG_ENABLE_OBJC_WEAK = YES;
				CLANG_WARN_BLOCK_CAPTURE_AUTORELEASING = YES;
				CLANG_WARN_BOOL_CONVERSION = YES;
				CLANG_WARN_COMMA = YES;
				CLANG_WARN_CONSTANT_CONVERSION = YES;
				CLANG_WARN_DEPRECATED_OBJC_IMPLEMENTATIONS = YES;
				CLANG_WARN_DIRECT_OBJC_ISA_USAGE = YES_ERROR;
				CLANG_WARN_DOCUMENTATION_COMMENTS = YES;
				CLANG_WARN_EMPTY_BODY = YES;
				CLANG_WARN_ENUM_CONVERSION = YES;
				CLANG_WARN_INFINITE_RECURSION = YES;
				CLANG_WARN_INT_CONVERSION = YES;
				CLANG_WARN_NON_LITERAL_NULL_CONVERSION = YES;
				CLANG_WARN_OBJC_IMPLICIT_RETAIN_SELF = YES;
				CLANG_WARN_OBJC_LITERAL_CONVERSION = YES;
				CLANG_WARN_OBJC_ROOT_CLASS = YES_ERROR;
				CLANG_WARN_QUOTED_INCLUDE_IN_FRAMEWORK_HEADER = YES;
				CLANG_WARN_RANGE_LOOP_ANALYSIS = YES;
				CLANG_WARN_STRICT_PROTOTYPES = YES;
				CLANG_WARN_SUSPICIOUS_MOVE = YES;
				CLANG_WARN_UNGUARDED_AVAILABILITY = YES_AGGRESSIVE;
				CLANG_WARN_UNREACHABLE_CODE = YES;
				CLANG_WARN__DUPLICATE_METHOD_MATCH = YES;
				COPY_PHASE_STRIP = NO;
				DEBUG_INFORMATION_FORMAT = "dwarf-with-dsym";
				ENABLE_NS_ASSERTIONS = NO;
				ENABLE_STRICT_OBJC_MSGSEND = YES;
				ENABLE_USER_SCRIPT_SANDBOXING = YES;
				GCC_C_LANGUAGE_STANDARD = gnu17;
				GCC_NO_COMMON_BLOCKS = YES;
				GCC_WARN_64_TO_32_BIT_CONVERSION = YES;
				GCC_WARN_ABOUT_RETURN_TYPE = YES_ERROR;
				GCC_WARN_UNDECLARED_SELECTOR = YES;
				GCC_WARN_UNINITIALIZED_AUTOS = YES_AGGRESSIVE;
				GCC_WARN_UNUSED_FUNCTION = YES;
				GCC_WARN_UNUSED_VARIABLE = YES;
				IPHONEOS_DEPLOYMENT_TARGET = 17.2;
				LOCALIZATION_PREFERS_STRING_CATALOGS = YES;
				MTL_ENABLE_DEBUG_INFO = NO;
				MTL_FAST_MATH = YES;
				SDKROOT = iphoneos;
				SWIFT_COMPILATION_MODE = wholemodule;
				VALIDATE_PRODUCT = YES;
			};
			name = Release;
		};
		A1C891742C73D3E200308657 /* Debug */ = {
			isa = XCBuildConfiguration;
			buildSettings = {
				ASSETCATALOG_COMPILER_APPICON_NAME = AppIcon;
				ASSETCATALOG_COMPILER_GLOBAL_ACCENT_COLOR_NAME = AccentColor;
				ASSETCATALOG_COMPILER_INCLUDE_ALL_APPICON_ASSETS = YES;
				CODE_SIGN_STYLE = Automatic;
				CURRENT_PROJECT_VERSION = 1;
				DEVELOPMENT_ASSET_PATHS = "\"WIPER/Preview Content\"";
				DEVELOPMENT_TEAM = D99DB5VWR6;
				ENABLE_PREVIEWS = YES;
				GENERATE_INFOPLIST_FILE = YES;
				INFOPLIST_FILE = WIPER/Info.plist;
				INFOPLIST_KEY_LSApplicationCategoryType = "";
				INFOPLIST_KEY_NSCameraUsageDescription = "Necesitamos acceso a tu cámara para indicarte los peligros alrededor";
				INFOPLIST_KEY_NSLocationAlwaysUsageDescription = "La aplicación necesita acceso a tu ubicación siempre para alertarte de peligros.";
				INFOPLIST_KEY_NSLocationWhenInUseUsageDescription = "Necesitamos acceso a tu ubicación para darte indicaciones";
				INFOPLIST_KEY_UIApplicationSceneManifest_Generation = YES;
				INFOPLIST_KEY_UIApplicationSupportsIndirectInputEvents = YES;
				INFOPLIST_KEY_UILaunchScreen_Generation = YES;
				INFOPLIST_KEY_UISupportedInterfaceOrientations_iPad = "UIInterfaceOrientationPortrait UIInterfaceOrientationPortraitUpsideDown UIInterfaceOrientationLandscapeLeft UIInterfaceOrientationLandscapeRight";
				INFOPLIST_KEY_UISupportedInterfaceOrientations_iPhone = "UIInterfaceOrientationPortrait UIInterfaceOrientationLandscapeLeft UIInterfaceOrientationLandscapeRight";
				LD_RUNPATH_SEARCH_PATHS = (
					"$(inherited)",
					"@executable_path/Frameworks",
				);
				MARKETING_VERSION = 1.0;
				PRODUCT_BUNDLE_IDENTIFIER = com.Andy.WIPERP;
				PRODUCT_NAME = "$(TARGET_NAME)";
				SWIFT_EMIT_LOC_STRINGS = YES;
				SWIFT_VERSION = 5.0;
				TARGETED_DEVICE_FAMILY = "1,2";
			};
			name = Debug;
		};
		A1C891752C73D3E200308657 /* Release */ = {
			isa = XCBuildConfiguration;
			buildSettings = {
				ASSETCATALOG_COMPILER_APPICON_NAME = AppIcon;
				ASSETCATALOG_COMPILER_GLOBAL_ACCENT_COLOR_NAME = AccentColor;
				ASSETCATALOG_COMPILER_INCLUDE_ALL_APPICON_ASSETS = YES;
				CODE_SIGN_STYLE = Automatic;
				CURRENT_PROJECT_VERSION = 1;
				DEVELOPMENT_ASSET_PATHS = "\"WIPER/Preview Content\"";
				DEVELOPMENT_TEAM = D99DB5VWR6;
				ENABLE_PREVIEWS = YES;
				GENERATE_INFOPLIST_FILE = YES;
				INFOPLIST_FILE = WIPER/Info.plist;
				INFOPLIST_KEY_LSApplicationCategoryType = "";
				INFOPLIST_KEY_NSCameraUsageDescription = "Necesitamos acceso a tu cámara para indicarte los peligros alrededor";
				INFOPLIST_KEY_NSLocationAlwaysUsageDescription = "La aplicación necesita acceso a tu ubicación siempre para alertarte de peligros.";
				INFOPLIST_KEY_NSLocationWhenInUseUsageDescription = "Necesitamos acceso a tu ubicación para darte indicaciones";
				INFOPLIST_KEY_UIApplicationSceneManifest_Generation = YES;
				INFOPLIST_KEY_UIApplicationSupportsIndirectInputEvents = YES;
				INFOPLIST_KEY_UILaunchScreen_Generation = YES;
				INFOPLIST_KEY_UISupportedInterfaceOrientations_iPad = "UIInterfaceOrientationPortrait UIInterfaceOrientationPortraitUpsideDown UIInterfaceOrientationLandscapeLeft UIInterfaceOrientationLandscapeRight";
				INFOPLIST_KEY_UISupportedInterfaceOrientations_iPhone = "UIInterfaceOrientationPortrait UIInterfaceOrientationLandscapeLeft UIInterfaceOrientationLandscapeRight";
				LD_RUNPATH_SEARCH_PATHS = (
					"$(inherited)",
					"@executable_path/Frameworks",
				);
				MARKETING_VERSION = 1.0;
				PRODUCT_BUNDLE_IDENTIFIER = com.Andy.WIPERP;
				PRODUCT_NAME = "$(TARGET_NAME)";
				SWIFT_EMIT_LOC_STRINGS = YES;
				SWIFT_VERSION = 5.0;
				TARGETED_DEVICE_FAMILY = "1,2";
			};
			name = Release;
		};
		A1C891772C73D3E200308657 /* Debug */ = {
			isa = XCBuildConfiguration;
			buildSettings = {
				ALWAYS_EMBED_SWIFT_STANDARD_LIBRARIES = YES;
				BUNDLE_LOADER = "$(TEST_HOST)";
				CODE_SIGN_STYLE = Automatic;
				CURRENT_PROJECT_VERSION = 1;
				DEVELOPMENT_TEAM = D99DB5VWR6;
				GENERATE_INFOPLIST_FILE = YES;
				IPHONEOS_DEPLOYMENT_TARGET = 17.2;
				MARKETING_VERSION = 1.0;
				PRODUCT_BUNDLE_IDENTIFIER = com.Andy.WIPERTests;
				PRODUCT_NAME = "$(TARGET_NAME)";
				SWIFT_EMIT_LOC_STRINGS = NO;
				SWIFT_VERSION = 5.0;
				TARGETED_DEVICE_FAMILY = "1,2";
				TEST_HOST = "$(BUILT_PRODUCTS_DIR)/WIPER.app/$(BUNDLE_EXECUTABLE_FOLDER_PATH)/WIPER";
			};
			name = Debug;
		};
		A1C891782C73D3E200308657 /* Release */ = {
			isa = XCBuildConfiguration;
			buildSettings = {
				ALWAYS_EMBED_SWIFT_STANDARD_LIBRARIES = YES;
				BUNDLE_LOADER = "$(TEST_HOST)";
				CODE_SIGN_STYLE = Automatic;
				CURRENT_PROJECT_VERSION = 1;
				DEVELOPMENT_TEAM = D99DB5VWR6;
				GENERATE_INFOPLIST_FILE = YES;
				IPHONEOS_DEPLOYMENT_TARGET = 17.2;
				MARKETING_VERSION = 1.0;
				PRODUCT_BUNDLE_IDENTIFIER = com.Andy.WIPERTests;
				PRODUCT_NAME = "$(TARGET_NAME)";
				SWIFT_EMIT_LOC_STRINGS = NO;
				SWIFT_VERSION = 5.0;
				TARGETED_DEVICE_FAMILY = "1,2";
				TEST_HOST = "$(BUILT_PRODUCTS_DIR)/WIPER.app/$(BUNDLE_EXECUTABLE_FOLDER_PATH)/WIPER";
			};
			name = Release;
		};
		A1C8917A2C73D3E200308657 /* Debug */ = {
			isa = XCBuildConfiguration;
			buildSettings = {
				ALWAYS_EMBED_SWIFT_STANDARD_LIBRARIES = YES;
				CODE_SIGN_STYLE = Automatic;
				CURRENT_PROJECT_VERSION = 1;
				DEVELOPMENT_TEAM = D99DB5VWR6;
				GENERATE_INFOPLIST_FILE = YES;
				MARKETING_VERSION = 1.0;
				PRODUCT_BUNDLE_IDENTIFIER = com.Andy.WIPERUITests;
				PRODUCT_NAME = "$(TARGET_NAME)";
				SWIFT_EMIT_LOC_STRINGS = NO;
				SWIFT_VERSION = 5.0;
				TARGETED_DEVICE_FAMILY = "1,2";
				TEST_TARGET_NAME = WIPER;
			};
			name = Debug;
		};
		A1C8917B2C73D3E200308657 /* Release */ = {
			isa = XCBuildConfiguration;
			buildSettings = {
				ALWAYS_EMBED_SWIFT_STANDARD_LIBRARIES = YES;
				CODE_SIGN_STYLE = Automatic;
				CURRENT_PROJECT_VERSION = 1;
				DEVELOPMENT_TEAM = D99DB5VWR6;
				GENERATE_INFOPLIST_FILE = YES;
				MARKETING_VERSION = 1.0;
				PRODUCT_BUNDLE_IDENTIFIER = com.Andy.WIPERUITests;
				PRODUCT_NAME = "$(TARGET_NAME)";
				SWIFT_EMIT_LOC_STRINGS = NO;
				SWIFT_VERSION = 5.0;
				TARGETED_DEVICE_FAMILY = "1,2";
				TEST_TARGET_NAME = WIPER;
			};
			name = Release;
		};
/* End XCBuildConfiguration section */

/* Begin XCConfigurationList section */
		A1C8914A2C73D3E100308657 /* Build configuration list for PBXProject "WIPER" */ = {
			isa = XCConfigurationList;
			buildConfigurations = (
				A1C891712C73D3E200308657 /* Debug */,
				A1C891722C73D3E200308657 /* Release */,
			);
			defaultConfigurationIsVisible = 0;
			defaultConfigurationName = Release;
		};
		A1C891732C73D3E200308657 /* Build configuration list for PBXNativeTarget "WIPER" */ = {
			isa = XCConfigurationList;
			buildConfigurations = (
				A1C891742C73D3E200308657 /* Debug */,
				A1C891752C73D3E200308657 /* Release */,
			);
			defaultConfigurationIsVisible = 0;
			defaultConfigurationName = Release;
		};
		A1C891762C73D3E200308657 /* Build configuration list for PBXNativeTarget "WIPERTests" */ = {
			isa = XCConfigurationList;
			buildConfigurations = (
				A1C891772C73D3E200308657 /* Debug */,
				A1C891782C73D3E200308657 /* Release */,
			);
			defaultConfigurationIsVisible = 0;
			defaultConfigurationName = Release;
		};
		A1C891792C73D3E200308657 /* Build configuration list for PBXNativeTarget "WIPERUITests" */ = {
			isa = XCConfigurationList;
			buildConfigurations = (
				A1C8917A2C73D3E200308657 /* Debug */,
				A1C8917B2C73D3E200308657 /* Release */,
			);
			defaultConfigurationIsVisible = 0;
			defaultConfigurationName = Release;
		};
/* End XCConfigurationList section */
	};
	rootObject = A1C891472C73D3E100308657 /* Project object */;
}
